{
  "name": "client",
  "lockfileVersion": 3,
  "requires": true,
  "packages": {
    "": {
      "dependencies": {
        "chrome-types": "^0.1.186"
      }
    },
    "node_modules/chrome-types": {
      "version": "0.1.186",
      "resolved": "https://registry.npmjs.org/chrome-types/-/chrome-types-0.1.186.tgz",
      "integrity": "sha512-RM78Oste4Xl1UIRcMilzQDq+50YOBqjoD4A0aWCEJOb7qkjPbh9Lz1WoQj5oYGNoExfacJzQyxSIU5KV+6JldA=="
    }
  }
}
